
Microsoft Visual Studio Solution File, Format Version 12.00
# Visual Studio Version 17
VisualStudioVersion = 17.3.32901.215
MinimumVisualStudioVersion = 10.0.40219.1
Project("{FAE04EC0-301F-11D3-BF4B-00C04F79EFBC}") = "EmployeeWage", "EmployeeWage_Day3\EmployeeWage.csproj", "{89406100-B90B-4FB1-84D7-E650F8C1173B}"
EndProject
Global
	GlobalSection(SolutionConfigurationPlatforms) = preSolution
		Debug|Any CPU = Debug|Any CPU
		Release|Any CPU = Release|Any CPU
	EndGlobalSection
	GlobalSection(ProjectConfigurationPlatforms) = postSolution
		{89406100-B90B-4FB1-84D7-E650F8C1173B}.Debug|Any CPU.ActiveCfg = Debug|Any CPU
		{89406100-B90B-4FB1-84D7-E650F8C1173B}.Debug|Any CPU.Build.0 = Debug|Any CPU
		{89406100-B90B-4FB1-84D7-E650F8C1173B}.Release|Any CPU.ActiveCfg = Release|Any CPU
		{89406100-B90B-4FB1-84D7-E650F8C1173B}.Release|Any CPU.Build.0 = Release|Any CPU
	EndGlobalSection
	GlobalSection(SolutionProperties) = preSolution
		HideSolutionNode = FALSE
	EndGlobalSection
	GlobalSection(ExtensibilityGlobals) = postSolution
		SolutionGuid = {1A0625BF-7817-4E3C-A590-7E2C1C119DB7}
	EndGlobalSection
EndGlobal
